github.com/nar-lang/nar-common v1.0.0/go.mod h1:PAhYM5zxJK/0SthuiR9xQs6h/PTLsEl+Tq8SMNicDLE=
github.com/nar-lang/nar-compiler v1.0.0/go.mod h1:g/+YN2eE/Y4XSkO/pgVFL1pXRWw13l/o6JbQvudHKb0=
github.com/nar-lang/nar-lsp v1.0.0/go.mod h1:f18CT4GkyzR+Xj54lLlIdnXGPdEQABawFS2Avfe/A58=
github.com/nar-lang/nar-runtime v1.0.2 h1:MaQ4GUJ+m41Y5c+bnjZ/RUaohJK0YEaYKj0WBoOmFz0=
github.com/nar-lang/nar-runtime v1.0.2/go.mod h1:CZxuAZcMbTt+JbMOUAmmOC7/YRg6W1pKEtKQjhqne8o=
golang.org/x/text v0.14.0 h1:ScX5w1eTa3QqT8oi6+ziP7dTV1S2+ALU0bI+0zXKWiQ=
golang.org/x/text v0.14.0/go.mod h1:18ZOQIKpY8NJVqYksKHtTdi31H5itFRjB5/qKTNYzSU=
